
Microsoft Visual Studio Solution File, Format Version 12.00
# Visual Studio Version 16
VisualStudioVersion = 16.0.30114.105
MinimumVisualStudioVersion = 10.0.40219.1
Project("{FAE04EC0-301F-11D3-BF4B-00C04F79EFBC}") = "Composer", "Composer\Composer.csproj", "{6A73FEAF-3F4A-4587-BCBA-116B08D40677}"
EndProject
Project("{FAE04EC0-301F-11D3-BF4B-00C04F79EFBC}") = "Composer.Tests", "Composer.Tests\Composer.Tests.csproj", "{69BBD5AD-8840-4EAE-9AAC-AECC44287C2E}"
EndProject
Global
	GlobalSection(SolutionConfigurationPlatforms) = preSolution
		Debug|Any CPU = Debug|Any CPU
		Release|Any CPU = Release|Any CPU
	EndGlobalSection
	GlobalSection(SolutionProperties) = preSolution
		HideSolutionNode = FALSE
	EndGlobalSection
	GlobalSection(ProjectConfigurationPlatforms) = postSolution
		{6A73FEAF-3F4A-4587-BCBA-116B08D40677}.Debug|Any CPU.ActiveCfg = Debug|Any CPU
		{6A73FEAF-3F4A-4587-BCBA-116B08D40677}.Debug|Any CPU.Build.0 = Debug|Any CPU
		{6A73FEAF-3F4A-4587-BCBA-116B08D40677}.Release|Any CPU.ActiveCfg = Release|Any CPU
		{6A73FEAF-3F4A-4587-BCBA-116B08D40677}.Release|Any CPU.Build.0 = Release|Any CPU
		{69BBD5AD-8840-4EAE-9AAC-AECC44287C2E}.Debug|Any CPU.ActiveCfg = Debug|Any CPU
		{69BBD5AD-8840-4EAE-9AAC-AECC44287C2E}.Debug|Any CPU.Build.0 = Debug|Any CPU
		{69BBD5AD-8840-4EAE-9AAC-AECC44287C2E}.Release|Any CPU.ActiveCfg = Release|Any CPU
		{69BBD5AD-8840-4EAE-9AAC-AECC44287C2E}.Release|Any CPU.Build.0 = Release|Any CPU
	EndGlobalSection
EndGlobal
